{
  "requires": true,
  "lockfileVersion": 1,
  "dependencies": {
    "three": {
      "version": "0.155.0",
      "resolved": "https://registry.npmjs.org/three/-/three-0.155.0.tgz",
      "integrity": "sha512-sNgCYmDijnIqkD/bMfk+1pHg3YzsxW7V2ChpuP6HCQ8NiZr3RufsXQr8M3SSUMjW4hG+sUk7YbyuY0DncaDTJQ=="
    }
  }
}
